// !$*UTF8*$!
{
	archiveVersion = 1;
	classes = {
	};
	objectVersion = 54;
	objects = {

/* Begin PBXBuildFile section */
		058557BB273AAA24004C7B11 /* Assets.xcassets in Resources */ = {isa = PBXBuildFile; fileRef = 058557BA273AAA24004C7B11 /* Assets.xcassets */; };
		058557D9273AAEEB004C7B11 /* Preview Assets.xcassets in Resources */ = {isa = PBXBuildFile; fileRef = 058557D8273AAEEB004C7B11 /* Preview Assets.xcassets */; };
		2152FB042600AC8F00CF470E /* iOSApp.swift in Sources */ = {isa = PBXBuildFile; fileRef = 2152FB032600AC8F00CF470E /* iOSApp.swift */; };
		70AAF7E12B380935005ECC07 /* GoogleService-Info.plist in Resources */ = {isa = PBXBuildFile; fileRef = 70AAF7E02B380935005ECC07 /* GoogleService-Info.plist */; };
		7555FF83242A565900829871 /* ContentView.swift in Sources */ = {isa = PBXBuildFile; fileRef = 7555FF82242A565900829871 /* ContentView.swift */; };
/* End PBXBuildFile section */

/* Begin PBXFileReference section */
		058557BA273AAA24004C7B11 /* Assets.xcassets */ = {isa = PBXFileReference; lastKnownFileType = folder.assetcatalog; path = Assets.xcassets; sourceTree = "<group>"; };
		058557D8273AAEEB004C7B11 /* Preview Assets.xcassets */ = {isa = PBXFileReference; lastKnownFileType = folder.assetcatalog; path = "Preview Assets.xcassets"; sourceTree = "<group>"; };
		2152FB032600AC8F00CF470E /* iOSApp.swift */ = {isa = PBXFileReference; lastKnownFileType = sourcecode.swift; path = iOSApp.swift; sourceTree = "<group>"; };
		70AAF7E02B380935005ECC07 /* GoogleService-Info.plist */ = {isa = PBXFileReference; fileEncoding = 4; lastKnownFileType = text.plist.xml; name = "GoogleService-Info.plist"; path = "../../../cplay/GoogleService-Info.plist"; sourceTree = "<group>"; };
		7555FF7B242A565900829871 /* Yakroh.app */ = {isa = PBXFileReference; explicitFileType = wrapper.application; includeInIndex = 0; path = Yakroh.app; sourceTree = BUILT_PRODUCTS_DIR; };
		7555FF82242A565900829871 /* ContentView.swift */ = {isa = PBXFileReference; lastKnownFileType = sourcecode.swift; path = ContentView.swift; sourceTree = "<group>"; };
		7555FF8C242A565B00829871 /* Info.plist */ = {isa = PBXFileReference; lastKnownFileType = text.plist.xml; path = Info.plist; sourceTree = "<group>"; };
		AB3632DC29227652001CCB65 /* Config.xcconfig */ = {isa = PBXFileReference; fileEncoding = 4; lastKnownFileType = text.xcconfig; path = Config.xcconfig; sourceTree = "<group>"; };
/* End PBXFileReference section */

/* Begin PBXGroup section */
		058557D7273AAEEB004C7B11 /* Preview Content */ = {
			isa = PBXGroup;
			children = (
				058557D8273AAEEB004C7B11 /* Preview Assets.xcassets */,
			);
			path = "Preview Content";
			sourceTree = "<group>";
		};
		42799AB246E5F90AF97AA0EF /* Frameworks */ = {
			isa = PBXGroup;
			children = (
			);
			name = Frameworks;
			sourceTree = "<group>";
		};
		7555FF72242A565900829871 = {
			isa = PBXGroup;
			children = (
				AB1DB47929225F7C00F7AF9C /* Configuration */,
				7555FF7D242A565900829871 /* iosApp */,
				7555FF7C242A565900829871 /* Products */,
				42799AB246E5F90AF97AA0EF /* Frameworks */,
				B15798E4DB45E68F656C49CB /* xcuserdata */,
				B1579BE277BE63001F3A74EF /* project.xcworkspace */,
			);
			sourceTree = "<group>";
		};
		7555FF7C242A565900829871 /* Products */ = {
			isa = PBXGroup;
			children = (
				7555FF7B242A565900829871 /* Yakroh.app */,
			);
			name = Products;
			sourceTree = "<group>";
		};
		7555FF7D242A565900829871 /* iosApp */ = {
			isa = PBXGroup;
			children = (
				058557BA273AAA24004C7B11 /* Assets.xcassets */,
				7555FF82242A565900829871 /* ContentView.swift */,
				7555FF8C242A565B00829871 /* Info.plist */,
				70AAF7E02B380935005ECC07 /* GoogleService-Info.plist */,
				2152FB032600AC8F00CF470E /* iOSApp.swift */,
				058557D7273AAEEB004C7B11 /* Preview Content */,
			);
			path = iosApp;
			sourceTree = "<group>";
		};
		AB1DB47929225F7C00F7AF9C /* Configuration */ = {
			isa = PBXGroup;
			children = (
				AB3632DC29227652001CCB65 /* Config.xcconfig */,
			);
			path = Configuration;
			sourceTree = "<group>";
		};
		B15791193859ADFC3FA5777C /* zafarabdulloev.xcuserdatad */ = {
			isa = PBXGroup;
			children = (
				B1579CFFBC804F651962D485 /* xcschemes */,
			);
			path = zafarabdulloev.xcuserdatad;
			sourceTree = "<group>";
		};
		B15794D99223462BE9C9C657 /* swiftpm */ = {
			isa = PBXGroup;
			children = (
				B15797F4E1B11137755A35CE /* configuration */,
			);
			path = swiftpm;
			sourceTree = "<group>";
		};
		B15797DE9CB9E5942E5D085F /* xcshareddata */ = {
			isa = PBXGroup;
			children = (
				B15794D99223462BE9C9C657 /* swiftpm */,
			);
			path = xcshareddata;
			sourceTree = "<group>";
		};
		B15797F4E1B11137755A35CE /* configuration */ = {
			isa = PBXGroup;
			children = (
			);
			path = configuration;
			sourceTree = "<group>";
		};
		B15798E4DB45E68F656C49CB /* xcuserdata */ = {
			isa = PBXGroup;
			children = (
				B15791193859ADFC3FA5777C /* zafarabdulloev.xcuserdatad */,
			);
			name = xcuserdata;
			path = iosApp.xcodeproj/xcuserdata;
			sourceTree = "<group>";
		};
		B1579BE277BE63001F3A74EF /* project.xcworkspace */ = {
			isa = PBXGroup;
			children = (
				B15797DE9CB9E5942E5D085F /* xcshareddata */,
			);
			name = project.xcworkspace;
			path = iosApp.xcodeproj/project.xcworkspace;
			sourceTree = "<group>";
		};
		B1579CFFBC804F651962D485 /* xcschemes */ = {
			isa = PBXGroup;
			children = (
			);
			path = xcschemes;
			sourceTree = "<group>";
		};
/* End PBXGroup section */

/* Begin PBXNativeTarget section */
		7555FF7A242A565900829871 /* iosApp */ = {
			isa = PBXNativeTarget;
			buildConfigurationList = 7555FFA5242A565B00829871 /* Build configuration list for PBXNativeTarget "iosApp" */;
			buildPhases = (
				F36B1CEB2AD83DDC00CB74D5 /* Compile Kotlin Framework */,
				7555FF77242A565900829871 /* Sources */,
				7555FF79242A565900829871 /* Resources */,
				70BA04562B264C9400C0DD13 /* ShellScript */,
			);
			buildRules = (
			);
			dependencies = (
				702D28CD2B3840BF0079EEE4 /* PBXTargetDependency */,
				702D28CF2B38414F0079EEE4 /* PBXTargetDependency */,
				702D28C92B3840BF0079EEE4 /* PBXTargetDependency */,
				702D28CB2B3840BF0079EEE4 /* PBXTargetDependency */,
			);
			name = iosApp;
			packageProductDependencies = (
				70AAF7E32B380E3A005ECC07 /* FirebaseAnalytics */,
				70AAF7E42B380E3A005ECC07 /* FirebaseAnalyticsOnDeviceConversion */,
				70AAF7E52B380E3A005ECC07 /* FirebaseAnalyticsSwift */,
				70AAF7E62B380E3A005ECC07 /* FirebaseAnalyticsWithoutAdIdSupport */,
				70AAF7E72B380E3A005ECC07 /* FirebaseAppCheck */,
				70AAF7E82B381018005ECC07 /* FirebaseAnalytics */,
				70AAF7E92B381018005ECC07 /* FirebaseAnalyticsOnDeviceConversion */,
				70AAF7EA2B381018005ECC07 /* FirebaseAnalyticsSwift */,
				70AAF7EB2B381018005ECC07 /* FirebaseAnalyticsWithoutAdIdSupport */,
				70AAF7EC2B381018005ECC07 /* FirebaseAppCheck */,
				70AAF7ED2B381018005ECC07 /* FirebaseAppDistribution-Beta */,
				70AAF7EE2B381018005ECC07 /* FirebaseAuth */,
				70AAF7EF2B381018005ECC07 /* FirebaseAuthCombine-Community */,
				70AAF7F02B381018005ECC07 /* FirebaseCrashlytics */,
				70AAF7F12B381018005ECC07 /* FirebaseDatabase */,
				70AAF7F22B381018005ECC07 /* FirebaseDatabaseSwift */,
				70AAF7F32B381018005ECC07 /* FirebaseDynamicLinks */,
				70AAF7F42B381018005ECC07 /* FirebaseFirestore */,
				70AAF7F52B381018005ECC07 /* FirebaseFirestoreCombine-Community */,
				70AAF7F62B381018005ECC07 /* FirebaseFirestoreSwift */,
				70AAF7F72B381018005ECC07 /* FirebaseFunctions */,
				70AAF7F82B381018005ECC07 /* FirebaseFunctionsCombine-Community */,
				70AAF7F92B381018005ECC07 /* FirebaseInAppMessaging-Beta */,
				70AAF7FA2B381018005ECC07 /* FirebaseInAppMessagingSwift-Beta */,
				70AAF7FB2B381018005ECC07 /* FirebaseInstallations */,
				70AAF7FC2B381018005ECC07 /* FirebaseMLModelDownloader */,
				70AAF7FD2B381018005ECC07 /* FirebaseMessaging */,
				70AAF7FE2B381018005ECC07 /* FirebasePerformance */,
				70AAF7FF2B381018005ECC07 /* FirebaseRemoteConfig */,
				70AAF8002B381018005ECC07 /* FirebaseRemoteConfigSwift */,
				70AAF8012B381018005ECC07 /* FirebaseStorage */,
				70AAF8022B381018005ECC07 /* FirebaseStorageCombine-Community */,
				702D28C02B3838140079EEE4 /* FirebaseAnalytics */,
				702D28C12B3838140079EEE4 /* FirebaseAnalyticsSwift */,
				702D28C22B3838140079EEE4 /* FirebaseCrashlytics */,
				702D28C32B3838140079EEE4 /* FirebaseMessaging */,
				702D28C42B3838140079EEE4 /* FirebaseRemoteConfig */,
				702D28C52B3838140079EEE4 /* FirebaseRemoteConfigSwift */,
				702D28C62B3838140079EEE4 /* FirebaseStorage */,
				702D28C72B3838140079EEE4 /* FirebaseStorageCombine-Community */,
				702D28D02B3842120079EEE4 /* FirebaseAnalytics */,
				702D28D12B3842120079EEE4 /* FirebaseAnalyticsSwift */,
				702D28D22B3842120079EEE4 /* FirebaseCrashlytics */,
				702D28D32B3842120079EEE4 /* FirebaseMessaging */,
			);
			productName = iosApp;
			productReference = 7555FF7B242A565900829871 /* Yakroh.app */;
			productType = "com.apple.product-type.application";
		};
/* End PBXNativeTarget section */

/* Begin PBXProject section */
		7555FF73242A565900829871 /* Project object */ = {
			isa = PBXProject;
			attributes = {
				LastSwiftUpdateCheck = 1130;
				LastUpgradeCheck = 1130;
				ORGANIZATIONNAME = orgName;
				TargetAttributes = {
					7555FF7A242A565900829871 = {
						CreatedOnToolsVersion = 11.3.1;
					};
				};
			};
			buildConfigurationList = 7555FF76242A565900829871 /* Build configuration list for PBXProject "iosApp" */;
			compatibilityVersion = "Xcode 9.3";
			developmentRegion = en;
			hasScannedForEncodings = 0;
			knownRegions = (
				en,
				Base,
			);
			mainGroup = 7555FF72242A565900829871;
			packageReferences = (
				70AAF7E22B380E3A005ECC07 /* XCRemoteSwiftPackageReference "firebase-ios-sdk" */,
			);
			productRefGroup = 7555FF7C242A565900829871 /* Products */;
			projectDirPath = "";
			projectRoot = "";
			targets = (
				7555FF7A242A565900829871 /* iosApp */,
			);
		};
/* End PBXProject section */

/* Begin PBXResourcesBuildPhase section */
		7555FF79242A565900829871 /* Resources */ = {
			isa = PBXResourcesBuildPhase;
			buildActionMask = 2147483647;
			files = (
				058557D9273AAEEB004C7B11 /* Preview Assets.xcassets in Resources */,
				058557BB273AAA24004C7B11 /* Assets.xcassets in Resources */,
				70AAF7E12B380935005ECC07 /* GoogleService-Info.plist in Resources */,
			);
			runOnlyForDeploymentPostprocessing = 0;
		};
/* End PBXResourcesBuildPhase section */

/* Begin PBXShellScriptBuildPhase section */
		70BA04562B264C9400C0DD13 /* ShellScript */ = {
			isa = PBXShellScriptBuildPhase;
			buildActionMask = 2147483647;
			files = (
			);
			inputFileListPaths = (
			);
			inputPaths = (
			);
			outputFileListPaths = (
			);
			outputPaths = (
			);
			runOnlyForDeploymentPostprocessing = 0;
			shellPath = /bin/sh;
			shellScript = "# Type a script or drag a script file from your workspace to insert its path.\n\"$SRCROOT/../gradlew\" -p \"$SRCROOT/../\" :composeApp:copyFrameworkResourcesToApp \\\n    -Pmoko.resources.PLATFORM_NAME=\"$PLATFORM_NAME\" \\\n    -Pmoko.resources.CONFIGURATION=\"$CONFIGURATION\" \\\n    -Pmoko.resources.ARCHS=\"$ARCHS\" \\\n    -Pmoko.resources.BUILT_PRODUCTS_DIR=\"$BUILT_PRODUCTS_DIR\" \\\n    -Pmoko.resources.CONTENTS_FOLDER_PATH=\"$CONTENTS_FOLDER_PATH\" \n";
		};
		F36B1CEB2AD83DDC00CB74D5 /* Compile Kotlin Framework */ = {
			isa = PBXShellScriptBuildPhase;
			buildActionMask = 2147483647;
			files = (
			);
			inputFileListPaths = (
			);
			inputPaths = (
			);
			name = "Compile Kotlin Framework";
			outputFileListPaths = (
			);
			outputPaths = (
			);
			runOnlyForDeploymentPostprocessing = 0;
			shellPath = /bin/sh;
			shellScript = "if [ \"YES\" = \"$OVERRIDE_KOTLIN_BUILD_IDE_SUPPORTED\" ]; then\n  echo \"Skipping Gradle build task invocation due to OVERRIDE_KOTLIN_BUILD_IDE_SUPPORTED environment variable set to \\\"YES\\\"\"\n  exit 0\nfi\ncd \"$SRCROOT/..\"\n./gradlew :composeApp:embedAndSignAppleFrameworkForXcode\n";
		};
/* End PBXShellScriptBuildPhase section */

/* Begin PBXSourcesBuildPhase section */
		7555FF77242A565900829871 /* Sources */ = {
			isa = PBXSourcesBuildPhase;
			buildActionMask = 2147483647;
			files = (
				2152FB042600AC8F00CF470E /* iOSApp.swift in Sources */,
				7555FF83242A565900829871 /* ContentView.swift in Sources */,
			);
			runOnlyForDeploymentPostprocessing = 0;
		};
/* End PBXSourcesBuildPhase section */

/* Begin PBXTargetDependency section */
		702D28C92B3840BF0079EEE4 /* PBXTargetDependency */ = {
			isa = PBXTargetDependency;
			productRef = 702D28C82B3840BF0079EEE4 /* FirebaseAnalytics */;
		};
		702D28CB2B3840BF0079EEE4 /* PBXTargetDependency */ = {
			isa = PBXTargetDependency;
			productRef = 702D28CA2B3840BF0079EEE4 /* FirebaseCrashlytics */;
		};
		702D28CD2B3840BF0079EEE4 /* PBXTargetDependency */ = {
			isa = PBXTargetDependency;
			productRef = 702D28CC2B3840BF0079EEE4 /* FirebaseMessaging */;
		};
		702D28CF2B38414F0079EEE4 /* PBXTargetDependency */ = {
			isa = PBXTargetDependency;
			productRef = 702D28CE2B38414F0079EEE4 /* FirebaseAnalyticsSwift */;
		};
/* End PBXTargetDependency section */

/* Begin XCBuildConfiguration section */
		7555FFA3242A565B00829871 /* Debug */ = {
			isa = XCBuildConfiguration;
			baseConfigurationReference = AB3632DC29227652001CCB65 /* Config.xcconfig */;
			buildSettings = {
				ALWAYS_SEARCH_USER_PATHS = NO;
				CLANG_ANALYZER_NONNULL = YES;
				CLANG_ANALYZER_NUMBER_OBJECT_CONVERSION = YES_AGGRESSIVE;
				CLANG_CXX_LANGUAGE_STANDARD = "gnu++14";
				CLANG_CXX_LIBRARY = "libc++";
				CLANG_ENABLE_MODULES = YES;
				CLANG_ENABLE_OBJC_ARC = YES;
				CLANG_ENABLE_OBJC_WEAK = YES;
				CLANG_WARN_BLOCK_CAPTURE_AUTORELEASING = YES;
				CLANG_WARN_BOOL_CONVERSION = YES;
				CLANG_WARN_COMMA = YES;
				CLANG_WARN_CONSTANT_CONVERSION = YES;
				CLANG_WARN_DEPRECATED_OBJC_IMPLEMENTATIONS = YES;
				CLANG_WARN_DIRECT_OBJC_ISA_USAGE = YES_ERROR;
				CLANG_WARN_DOCUMENTATION_COMMENTS = YES;
				CLANG_WARN_EMPTY_BODY = YES;
				CLANG_WARN_ENUM_CONVERSION = YES;
				CLANG_WARN_INFINITE_RECURSION = YES;
				CLANG_WARN_INT_CONVERSION = YES;
				CLANG_WARN_NON_LITERAL_NULL_CONVERSION = YES;
				CLANG_WARN_OBJC_IMPLICIT_RETAIN_SELF = YES;
				CLANG_WARN_OBJC_LITERAL_CONVERSION = YES;
				CLANG_WARN_OBJC_ROOT_CLASS = YES_ERROR;
				CLANG_WARN_QUOTED_INCLUDE_IN_FRAMEWORK_HEADER = YES;
				CLANG_WARN_RANGE_LOOP_ANALYSIS = YES;
				CLANG_WARN_STRICT_PROTOTYPES = YES;
				CLANG_WARN_SUSPICIOUS_MOVE = YES;
				CLANG_WARN_UNGUARDED_AVAILABILITY = YES_AGGRESSIVE;
				CLANG_WARN_UNREACHABLE_CODE = YES;
				CLANG_WARN__DUPLICATE_METHOD_MATCH = YES;
				COPY_PHASE_STRIP = NO;
				DEBUG_INFORMATION_FORMAT = "dwarf-with-dsym";
				ENABLE_STRICT_OBJC_MSGSEND = YES;
				ENABLE_TESTABILITY = YES;
				GCC_C_LANGUAGE_STANDARD = gnu11;
				GCC_DYNAMIC_NO_PIC = NO;
				GCC_NO_COMMON_BLOCKS = YES;
				GCC_OPTIMIZATION_LEVEL = 0;
				GCC_PREPROCESSOR_DEFINITIONS = (
					"DEBUG=1",
					"$(inherited)",
				);
				GCC_WARN_64_TO_32_BIT_CONVERSION = YES;
				GCC_WARN_ABOUT_RETURN_TYPE = YES_ERROR;
				GCC_WARN_UNDECLARED_SELECTOR = YES;
				GCC_WARN_UNINITIALIZED_AUTOS = YES_AGGRESSIVE;
				GCC_WARN_UNUSED_FUNCTION = YES;
				GCC_WARN_UNUSED_VARIABLE = YES;
				IPHONEOS_DEPLOYMENT_TARGET = 14.1;
				MTL_ENABLE_DEBUG_INFO = INCLUDE_SOURCE;
				MTL_FAST_MATH = YES;
				ONLY_ACTIVE_ARCH = YES;
				SDKROOT = iphoneos;
				SWIFT_ACTIVE_COMPILATION_CONDITIONS = DEBUG;
				SWIFT_OPTIMIZATION_LEVEL = "-Onone";
			};
			name = Debug;
		};
		7555FFA4242A565B00829871 /* Release */ = {
			isa = XCBuildConfiguration;
			baseConfigurationReference = AB3632DC29227652001CCB65 /* Config.xcconfig */;
			buildSettings = {
				ALWAYS_SEARCH_USER_PATHS = NO;
				CLANG_ANALYZER_NONNULL = YES;
				CLANG_ANALYZER_NUMBER_OBJECT_CONVERSION = YES_AGGRESSIVE;
				CLANG_CXX_LANGUAGE_STANDARD = "gnu++14";
				CLANG_CXX_LIBRARY = "libc++";
				CLANG_ENABLE_MODULES = YES;
				CLANG_ENABLE_OBJC_ARC = YES;
				CLANG_ENABLE_OBJC_WEAK = YES;
				CLANG_WARN_BLOCK_CAPTURE_AUTORELEASING = YES;
				CLANG_WARN_BOOL_CONVERSION = YES;
				CLANG_WARN_COMMA = YES;
				CLANG_WARN_CONSTANT_CONVERSION = YES;
				CLANG_WARN_DEPRECATED_OBJC_IMPLEMENTATIONS = YES;
				CLANG_WARN_DIRECT_OBJC_ISA_USAGE = YES_ERROR;
				CLANG_WARN_DOCUMENTATION_COMMENTS = YES;
				CLANG_WARN_EMPTY_BODY = YES;
				CLANG_WARN_ENUM_CONVERSION = YES;
				CLANG_WARN_INFINITE_RECURSION = YES;
				CLANG_WARN_INT_CONVERSION = YES;
				CLANG_WARN_NON_LITERAL_NULL_CONVERSION = YES;
				CLANG_WARN_OBJC_IMPLICIT_RETAIN_SELF = YES;
				CLANG_WARN_OBJC_LITERAL_CONVERSION = YES;
				CLANG_WARN_OBJC_ROOT_CLASS = YES_ERROR;
				CLANG_WARN_QUOTED_INCLUDE_IN_FRAMEWORK_HEADER = YES;
				CLANG_WARN_RANGE_LOOP_ANALYSIS = YES;
				CLANG_WARN_STRICT_PROTOTYPES = YES;
				CLANG_WARN_SUSPICIOUS_MOVE = YES;
				CLANG_WARN_UNGUARDED_AVAILABILITY = YES_AGGRESSIVE;
				CLANG_WARN_UNREACHABLE_CODE = YES;
				CLANG_WARN__DUPLICATE_METHOD_MATCH = YES;
				COPY_PHASE_STRIP = NO;
				DEBUG_INFORMATION_FORMAT = "dwarf-with-dsym";
				ENABLE_NS_ASSERTIONS = NO;
				ENABLE_STRICT_OBJC_MSGSEND = YES;
				GCC_C_LANGUAGE_STANDARD = gnu11;
				GCC_NO_COMMON_BLOCKS = YES;
				GCC_WARN_64_TO_32_BIT_CONVERSION = YES;
				GCC_WARN_ABOUT_RETURN_TYPE = YES_ERROR;
				GCC_WARN_UNDECLARED_SELECTOR = YES;
				GCC_WARN_UNINITIALIZED_AUTOS = YES_AGGRESSIVE;
				GCC_WARN_UNUSED_FUNCTION = YES;
				GCC_WARN_UNUSED_VARIABLE = YES;
				IPHONEOS_DEPLOYMENT_TARGET = 14.1;
				MTL_ENABLE_DEBUG_INFO = NO;
				MTL_FAST_MATH = YES;
				SDKROOT = iphoneos;
				SWIFT_COMPILATION_MODE = wholemodule;
				SWIFT_OPTIMIZATION_LEVEL = "-O";
				VALIDATE_PRODUCT = YES;
			};
			name = Release;
		};
		7555FFA6242A565B00829871 /* Debug */ = {
			isa = XCBuildConfiguration;
			buildSettings = {
				ASSETCATALOG_COMPILER_APPICON_NAME = AppIcon;
				CODE_SIGN_IDENTITY = "Apple Development";
				CODE_SIGN_STYLE = Automatic;
				DEVELOPMENT_ASSET_PATHS = "\"iosApp/Preview Content\"";
				DEVELOPMENT_TEAM = BXM52N82J5;
				ENABLE_PREVIEWS = YES;
				FRAMEWORK_SEARCH_PATHS = (
					"$(SRCROOT)/../shared/build/xcode-frameworks/$(CONFIGURATION)/$(SDK_NAME)\n$(SRCROOT)/../composeApp/build/xcode-frameworks/$(CONFIGURATION)/$(SDK_NAME)",
				);
				INFOPLIST_FILE = iosApp/Info.plist;
				INFOPLIST_KEY_LSApplicationCategoryType = "public.app-category.travel";
				IPHONEOS_DEPLOYMENT_TARGET = 14.1;
				LD_RUNPATH_SEARCH_PATHS = (
					"$(inherited)",
					"@executable_path/Frameworks",
				);
				OTHER_LDFLAGS = (
					"$(inherited)",
					"-framework",
					composeApp,
					"-ObjC",
				);
				PRODUCT_BUNDLE_IDENTIFIER = "${BUNDLE_ID}${TEAM_ID}";
				PRODUCT_NAME = "${APP_NAME}";
				PROVISIONING_PROFILE_SPECIFIER = "";
				SUPPORTED_PLATFORMS = "iphoneos iphonesimulator";
				SUPPORTS_MACCATALYST = NO;
				SUPPORTS_MAC_DESIGNED_FOR_IPHONE_IPAD = YES;
				SWIFT_VERSION = 5.0;
				TARGETED_DEVICE_FAMILY = "1,2";
			};
			name = Debug;
		};
		7555FFA7242A565B00829871 /* Release */ = {
			isa = XCBuildConfiguration;
			buildSettings = {
				ASSETCATALOG_COMPILER_APPICON_NAME = AppIcon;
				CODE_SIGN_IDENTITY = "Apple Development";
				CODE_SIGN_STYLE = Automatic;
				DEVELOPMENT_ASSET_PATHS = "\"iosApp/Preview Content\"";
				DEVELOPMENT_TEAM = BXM52N82J5;
				ENABLE_PREVIEWS = YES;
				FRAMEWORK_SEARCH_PATHS = (
					"$(SRCROOT)/../shared/build/xcode-frameworks/$(CONFIGURATION)/$(SDK_NAME)\n$(SRCROOT)/../composeApp/build/xcode-frameworks/$(CONFIGURATION)/$(SDK_NAME)",
				);
				INFOPLIST_FILE = iosApp/Info.plist;
				INFOPLIST_KEY_LSApplicationCategoryType = "public.app-category.travel";
				IPHONEOS_DEPLOYMENT_TARGET = 14.1;
				LD_RUNPATH_SEARCH_PATHS = (
					"$(inherited)",
					"@executable_path/Frameworks",
				);
				OTHER_LDFLAGS = (
					"$(inherited)",
					"-framework",
					composeApp,
					"-ObjC",
				);
				PRODUCT_BUNDLE_IDENTIFIER = "${BUNDLE_ID}${TEAM_ID}";
				PRODUCT_NAME = "${APP_NAME}";
				PROVISIONING_PROFILE_SPECIFIER = "";
				SUPPORTED_PLATFORMS = "iphoneos iphonesimulator";
				SUPPORTS_MACCATALYST = NO;
				SUPPORTS_MAC_DESIGNED_FOR_IPHONE_IPAD = YES;
				SWIFT_VERSION = 5.0;
				TARGETED_DEVICE_FAMILY = "1,2";
			};
			name = Release;
		};
/* End XCBuildConfiguration section */

/* Begin XCConfigurationList section */
		7555FF76242A565900829871 /* Build configuration list for PBXProject "iosApp" */ = {
			isa = XCConfigurationList;
			buildConfigurations = (
				7555FFA3242A565B00829871 /* Debug */,
				7555FFA4242A565B00829871 /* Release */,
			);
			defaultConfigurationIsVisible = 0;
			defaultConfigurationName = Release;
		};
		7555FFA5242A565B00829871 /* Build configuration list for PBXNativeTarget "iosApp" */ = {
			isa = XCConfigurationList;
			buildConfigurations = (
				7555FFA6242A565B00829871 /* Debug */,
				7555FFA7242A565B00829871 /* Release */,
			);
			defaultConfigurationIsVisible = 0;
			defaultConfigurationName = Release;
		};
/* End XCConfigurationList section */

/* Begin XCRemoteSwiftPackageReference section */
		70AAF7E22B380E3A005ECC07 /* XCRemoteSwiftPackageReference "firebase-ios-sdk" */ = {
			isa = XCRemoteSwiftPackageReference;
			repositoryURL = "https://github.com/firebase/firebase-ios-sdk";
			requirement = {
				kind = upToNextMajorVersion;
				minimumVersion = 10.19.1;
			};
		};
/* End XCRemoteSwiftPackageReference section */

/* Begin XCSwiftPackageProductDependency section */
		702D28C02B3838140079EEE4 /* FirebaseAnalytics */ = {
			isa = XCSwiftPackageProductDependency;
			package = 70AAF7E22B380E3A005ECC07 /* XCRemoteSwiftPackageReference "firebase-ios-sdk" */;
			productName = FirebaseAnalytics;
		};
		702D28C12B3838140079EEE4 /* FirebaseAnalyticsSwift */ = {
			isa = XCSwiftPackageProductDependency;
			package = 70AAF7E22B380E3A005ECC07 /* XCRemoteSwiftPackageReference "firebase-ios-sdk" */;
			productName = FirebaseAnalyticsSwift;
		};
		702D28C22B3838140079EEE4 /* FirebaseCrashlytics */ = {
			isa = XCSwiftPackageProductDependency;
			package = 70AAF7E22B380E3A005ECC07 /* XCRemoteSwiftPackageReference "firebase-ios-sdk" */;
			productName = FirebaseCrashlytics;
		};
		702D28C32B3838140079EEE4 /* FirebaseMessaging */ = {
			isa = XCSwiftPackageProductDependency;
			package = 70AAF7E22B380E3A005ECC07 /* XCRemoteSwiftPackageReference "firebase-ios-sdk" */;
			productName = FirebaseMessaging;
		};
		702D28C42B3838140079EEE4 /* FirebaseRemoteConfig */ = {
			isa = XCSwiftPackageProductDependency;
			package = 70AAF7E22B380E3A005ECC07 /* XCRemoteSwiftPackageReference "firebase-ios-sdk" */;
			productName = FirebaseRemoteConfig;
		};
		702D28C52B3838140079EEE4 /* FirebaseRemoteConfigSwift */ = {
			isa = XCSwiftPackageProductDependency;
			package = 70AAF7E22B380E3A005ECC07 /* XCRemoteSwiftPackageReference "firebase-ios-sdk" */;
			productName = FirebaseRemoteConfigSwift;
		};
		702D28C62B3838140079EEE4 /* FirebaseStorage */ = {
			isa = XCSwiftPackageProductDependency;
			package = 70AAF7E22B380E3A005ECC07 /* XCRemoteSwiftPackageReference "firebase-ios-sdk" */;
			productName = FirebaseStorage;
		};
		702D28C72B3838140079EEE4 /* FirebaseStorageCombine-Community */ = {
			isa = XCSwiftPackageProductDependency;
			package = 70AAF7E22B380E3A005ECC07 /* XCRemoteSwiftPackageReference "firebase-ios-sdk" */;
			productName = "FirebaseStorageCombine-Community";
		};
		702D28C82B3840BF0079EEE4 /* FirebaseAnalytics */ = {
			isa = XCSwiftPackageProductDependency;
			package = 70AAF7E22B380E3A005ECC07 /* XCRemoteSwiftPackageReference "firebase-ios-sdk" */;
			productName = FirebaseAnalytics;
		};
		702D28CA2B3840BF0079EEE4 /* FirebaseCrashlytics */ = {
			isa = XCSwiftPackageProductDependency;
			package = 70AAF7E22B380E3A005ECC07 /* XCRemoteSwiftPackageReference "firebase-ios-sdk" */;
			productName = FirebaseCrashlytics;
		};
		702D28CC2B3840BF0079EEE4 /* FirebaseMessaging */ = {
			isa = XCSwiftPackageProductDependency;
			package = 70AAF7E22B380E3A005ECC07 /* XCRemoteSwiftPackageReference "firebase-ios-sdk" */;
			productName = FirebaseMessaging;
		};
		702D28CE2B38414F0079EEE4 /* FirebaseAnalyticsSwift */ = {
			isa = XCSwiftPackageProductDependency;
			package = 70AAF7E22B380E3A005ECC07 /* XCRemoteSwiftPackageReference "firebase-ios-sdk" */;
			productName = FirebaseAnalyticsSwift;
		};
		702D28D02B3842120079EEE4 /* FirebaseAnalytics */ = {
			isa = XCSwiftPackageProductDependency;
			package = 70AAF7E22B380E3A005ECC07 /* XCRemoteSwiftPackageReference "firebase-ios-sdk" */;
			productName = FirebaseAnalytics;
		};
		702D28D12B3842120079EEE4 /* FirebaseAnalyticsSwift */ = {
			isa = XCSwiftPackageProductDependency;
			package = 70AAF7E22B380E3A005ECC07 /* XCRemoteSwiftPackageReference "firebase-ios-sdk" */;
			productName = FirebaseAnalyticsSwift;
		};
		702D28D22B3842120079EEE4 /* FirebaseCrashlytics */ = {
			isa = XCSwiftPackageProductDependency;
			package = 70AAF7E22B380E3A005ECC07 /* XCRemoteSwiftPackageReference "firebase-ios-sdk" */;
			productName = FirebaseCrashlytics;
		};
		702D28D32B3842120079EEE4 /* FirebaseMessaging */ = {
			isa = XCSwiftPackageProductDependency;
			package = 70AAF7E22B380E3A005ECC07 /* XCRemoteSwiftPackageReference "firebase-ios-sdk" */;
			productName = FirebaseMessaging;
		};
		70AAF7E32B380E3A005ECC07 /* FirebaseAnalytics */ = {
			isa = XCSwiftPackageProductDependency;
			package = 70AAF7E22B380E3A005ECC07 /* XCRemoteSwiftPackageReference "firebase-ios-sdk" */;
			productName = FirebaseAnalytics;
		};
		70AAF7E42B380E3A005ECC07 /* FirebaseAnalyticsOnDeviceConversion */ = {
			isa = XCSwiftPackageProductDependency;
			package = 70AAF7E22B380E3A005ECC07 /* XCRemoteSwiftPackageReference "firebase-ios-sdk" */;
			productName = FirebaseAnalyticsOnDeviceConversion;
		};
		70AAF7E52B380E3A005ECC07 /* FirebaseAnalyticsSwift */ = {
			isa = XCSwiftPackageProductDependency;
			package = 70AAF7E22B380E3A005ECC07 /* XCRemoteSwiftPackageReference "firebase-ios-sdk" */;
			productName = FirebaseAnalyticsSwift;
		};
		70AAF7E62B380E3A005ECC07 /* FirebaseAnalyticsWithoutAdIdSupport */ = {
			isa = XCSwiftPackageProductDependency;
			package = 70AAF7E22B380E3A005ECC07 /* XCRemoteSwiftPackageReference "firebase-ios-sdk" */;
			productName = FirebaseAnalyticsWithoutAdIdSupport;
		};
		70AAF7E72B380E3A005ECC07 /* FirebaseAppCheck */ = {
			isa = XCSwiftPackageProductDependency;
			package = 70AAF7E22B380E3A005ECC07 /* XCRemoteSwiftPackageReference "firebase-ios-sdk" */;
			productName = FirebaseAppCheck;
		};
		70AAF7E82B381018005ECC07 /* FirebaseAnalytics */ = {
			isa = XCSwiftPackageProductDependency;
			package = 70AAF7E22B380E3A005ECC07 /* XCRemoteSwiftPackageReference "firebase-ios-sdk" */;
			productName = FirebaseAnalytics;
		};
		70AAF7E92B381018005ECC07 /* FirebaseAnalyticsOnDeviceConversion */ = {
			isa = XCSwiftPackageProductDependency;
			package = 70AAF7E22B380E3A005ECC07 /* XCRemoteSwiftPackageReference "firebase-ios-sdk" */;
			productName = FirebaseAnalyticsOnDeviceConversion;
		};
		70AAF7EA2B381018005ECC07 /* FirebaseAnalyticsSwift */ = {
			isa = XCSwiftPackageProductDependency;
			package = 70AAF7E22B380E3A005ECC07 /* XCRemoteSwiftPackageReference "firebase-ios-sdk" */;
			productName = FirebaseAnalyticsSwift;
		};
		70AAF7EB2B381018005ECC07 /* FirebaseAnalyticsWithoutAdIdSupport */ = {
			isa = XCSwiftPackageProductDependency;
			package = 70AAF7E22B380E3A005ECC07 /* XCRemoteSwiftPackageReference "firebase-ios-sdk" */;
			productName = FirebaseAnalyticsWithoutAdIdSupport;
		};
		70AAF7EC2B381018005ECC07 /* FirebaseAppCheck */ = {
			isa = XCSwiftPackageProductDependency;
			package = 70AAF7E22B380E3A005ECC07 /* XCRemoteSwiftPackageReference "firebase-ios-sdk" */;
			productName = FirebaseAppCheck;
		};
		70AAF7ED2B381018005ECC07 /* FirebaseAppDistribution-Beta */ = {
			isa = XCSwiftPackageProductDependency;
			package = 70AAF7E22B380E3A005ECC07 /* XCRemoteSwiftPackageReference "firebase-ios-sdk" */;
			productName = "FirebaseAppDistribution-Beta";
		};
		70AAF7EE2B381018005ECC07 /* FirebaseAuth */ = {
			isa = XCSwiftPackageProductDependency;
			package = 70AAF7E22B380E3A005ECC07 /* XCRemoteSwiftPackageReference "firebase-ios-sdk" */;
			productName = FirebaseAuth;
		};
		70AAF7EF2B381018005ECC07 /* FirebaseAuthCombine-Community */ = {
			isa = XCSwiftPackageProductDependency;
			package = 70AAF7E22B380E3A005ECC07 /* XCRemoteSwiftPackageReference "firebase-ios-sdk" */;
			productName = "FirebaseAuthCombine-Community";
		};
		70AAF7F02B381018005ECC07 /* FirebaseCrashlytics */ = {
			isa = XCSwiftPackageProductDependency;
			package = 70AAF7E22B380E3A005ECC07 /* XCRemoteSwiftPackageReference "firebase-ios-sdk" */;
			productName = FirebaseCrashlytics;
		};
		70AAF7F12B381018005ECC07 /* FirebaseDatabase */ = {
			isa = XCSwiftPackageProductDependency;
			package = 70AAF7E22B380E3A005ECC07 /* XCRemoteSwiftPackageReference "firebase-ios-sdk" */;
			productName = FirebaseDatabase;
		};
		70AAF7F22B381018005ECC07 /* FirebaseDatabaseSwift */ = {
			isa = XCSwiftPackageProductDependency;
			package = 70AAF7E22B380E3A005ECC07 /* XCRemoteSwiftPackageReference "firebase-ios-sdk" */;
			productName = FirebaseDatabaseSwift;
		};
		70AAF7F32B381018005ECC07 /* FirebaseDynamicLinks */ = {
			isa = XCSwiftPackageProductDependency;
			package = 70AAF7E22B380E3A005ECC07 /* XCRemoteSwiftPackageReference "firebase-ios-sdk" */;
			productName = FirebaseDynamicLinks;
		};
		70AAF7F42B381018005ECC07 /* FirebaseFirestore */ = {
			isa = XCSwiftPackageProductDependency;
			package = 70AAF7E22B380E3A005ECC07 /* XCRemoteSwiftPackageReference "firebase-ios-sdk" */;
			productName = FirebaseFirestore;
		};
		70AAF7F52B381018005ECC07 /* FirebaseFirestoreCombine-Community */ = {
			isa = XCSwiftPackageProductDependency;
			package = 70AAF7E22B380E3A005ECC07 /* XCRemoteSwiftPackageReference "firebase-ios-sdk" */;
			productName = "FirebaseFirestoreCombine-Community";
		};
		70AAF7F62B381018005ECC07 /* FirebaseFirestoreSwift */ = {
			isa = XCSwiftPackageProductDependency;
			package = 70AAF7E22B380E3A005ECC07 /* XCRemoteSwiftPackageReference "firebase-ios-sdk" */;
			productName = FirebaseFirestoreSwift;
		};
		70AAF7F72B381018005ECC07 /* FirebaseFunctions */ = {
			isa = XCSwiftPackageProductDependency;
			package = 70AAF7E22B380E3A005ECC07 /* XCRemoteSwiftPackageReference "firebase-ios-sdk" */;
			productName = FirebaseFunctions;
		};
		70AAF7F82B381018005ECC07 /* FirebaseFunctionsCombine-Community */ = {
			isa = XCSwiftPackageProductDependency;
			package = 70AAF7E22B380E3A005ECC07 /* XCRemoteSwiftPackageReference "firebase-ios-sdk" */;
			productName = "FirebaseFunctionsCombine-Community";
		};
		70AAF7F92B381018005ECC07 /* FirebaseInAppMessaging-Beta */ = {
			isa = XCSwiftPackageProductDependency;
			package = 70AAF7E22B380E3A005ECC07 /* XCRemoteSwiftPackageReference "firebase-ios-sdk" */;
			productName = "FirebaseInAppMessaging-Beta";
		};
		70AAF7FA2B381018005ECC07 /* FirebaseInAppMessagingSwift-Beta */ = {
			isa = XCSwiftPackageProductDependency;
			package = 70AAF7E22B380E3A005ECC07 /* XCRemoteSwiftPackageReference "firebase-ios-sdk" */;
			productName = "FirebaseInAppMessagingSwift-Beta";
		};
		70AAF7FB2B381018005ECC07 /* FirebaseInstallations */ = {
			isa = XCSwiftPackageProductDependency;
			package = 70AAF7E22B380E3A005ECC07 /* XCRemoteSwiftPackageReference "firebase-ios-sdk" */;
			productName = FirebaseInstallations;
		};
		70AAF7FC2B381018005ECC07 /* FirebaseMLModelDownloader */ = {
			isa = XCSwiftPackageProductDependency;
			package = 70AAF7E22B380E3A005ECC07 /* XCRemoteSwiftPackageReference "firebase-ios-sdk" */;
			productName = FirebaseMLModelDownloader;
		};
		70AAF7FD2B381018005ECC07 /* FirebaseMessaging */ = {
			isa = XCSwiftPackageProductDependency;
			package = 70AAF7E22B380E3A005ECC07 /* XCRemoteSwiftPackageReference "firebase-ios-sdk" */;
			productName = FirebaseMessaging;
		};
		70AAF7FE2B381018005ECC07 /* FirebasePerformance */ = {
			isa = XCSwiftPackageProductDependency;
			package = 70AAF7E22B380E3A005ECC07 /* XCRemoteSwiftPackageReference "firebase-ios-sdk" */;
			productName = FirebasePerformance;
		};
		70AAF7FF2B381018005ECC07 /* FirebaseRemoteConfig */ = {
			isa = XCSwiftPackageProductDependency;
			package = 70AAF7E22B380E3A005ECC07 /* XCRemoteSwiftPackageReference "firebase-ios-sdk" */;
			productName = FirebaseRemoteConfig;
		};
		70AAF8002B381018005ECC07 /* FirebaseRemoteConfigSwift */ = {
			isa = XCSwiftPackageProductDependency;
			package = 70AAF7E22B380E3A005ECC07 /* XCRemoteSwiftPackageReference "firebase-ios-sdk" */;
			productName = FirebaseRemoteConfigSwift;
		};
		70AAF8012B381018005ECC07 /* FirebaseStorage */ = {
			isa = XCSwiftPackageProductDependency;
			package = 70AAF7E22B380E3A005ECC07 /* XCRemoteSwiftPackageReference "firebase-ios-sdk" */;
			productName = FirebaseStorage;
		};
		70AAF8022B381018005ECC07 /* FirebaseStorageCombine-Community */ = {
			isa = XCSwiftPackageProductDependency;
			package = 70AAF7E22B380E3A005ECC07 /* XCRemoteSwiftPackageReference "firebase-ios-sdk" */;
			productName = "FirebaseStorageCombine-Community";
		};
/* End XCSwiftPackageProductDependency section */
	};
	rootObject = 7555FF73242A565900829871 /* Project object */;
}
